{
  "name": "bfl-bridge",
  "version": "1.0.0",
  "lockfileVersion": 3,
  "requires": true,
  "packages": {
    "": {
      "name": "bfl-bridge",
      "version": "1.0.0",
      "license": "ISC",
      "dependencies": {
        "dotenv": "file:vendor/dotenv"
      }
    },
    "node_modules/dotenv": {
      "resolved": "vendor/dotenv",
      "link": true
    },
    "vendor/dotenv": {
      "version": "0.0.0-local"
    }
  }
}
